{
  "version": 4,
  "terraform_version": "0.13.5",
  "serial": 10,
  "lineage": "0c28bd47-89ab-9048-5dc1-3c3be2a235ac",
  "outputs": {},
  "resources": [
    {
      "mode": "managed",
      "type": "google_compute_instance",
      "name": "apps",
      "provider": "provider[\"registry.terraform.io/hashicorp/google\"]",
      "instances": [
        {
          "index_key": 0,
          "schema_version": 6,
          "attributes": {
            "allow_stopping_for_update": null,
            "attached_disk": [],
            "boot_disk": [
              {
                "auto_delete": true,
                "device_name": "persistent-disk-0",
                "disk_encryption_key_raw": "",
                "disk_encryption_key_sha256": "",
                "initialize_params": [
                  {
                    "image": "https://www.googleapis.com/compute/v1/projects/ubuntu-os-cloud/global/images/ubuntu-1804-bionic-v20201211a",
                    "labels": {},
                    "size": 10,
                    "type": "pd-standard"
                  }
                ],
                "kms_key_self_link": "",
                "mode": "READ_WRITE",
                "source": "https://www.googleapis.com/compute/v1/projects/amit-terraform-project-296204/zones/us-central1-c/disks/apps-1"
              }
            ],
            "can_ip_forward": false,
            "cpu_platform": "Intel Haswell",
            "current_status": "RUNNING",
            "deletion_protection": false,
            "description": "",
            "desired_status": null,
            "enable_display": false,
            "guest_accelerator": [],
            "hostname": "",
            "id": "projects/amit-terraform-project-296204/zones/us-central1-c/instances/apps-1",
            "instance_id": "2289574663110808755",
            "label_fingerprint": "42WmSpB8rSM=",
            "labels": {},
            "machine_type": "f1-micro",
            "metadata": {},
            "metadata_fingerprint": "Rku_r5sA1w4=",
            "metadata_startup_script": "",
            "min_cpu_platform": "",
            "name": "apps-1",
            "network_interface": [
              {
                "access_config": [
                  {
                    "nat_ip": "34.121.203.81",
                    "network_tier": "PREMIUM",
                    "public_ptr_domain_name": ""
                  }
                ],
                "alias_ip_range": [],
                "name": "nic0",
                "network": "https://www.googleapis.com/compute/v1/projects/amit-terraform-project-296204/global/networks/default",
                "network_ip": "10.128.0.2",
                "subnetwork": "https://www.googleapis.com/compute/v1/projects/amit-terraform-project-296204/regions/us-central1/subnetworks/default",
                "subnetwork_project": "amit-terraform-project-296204"
              }
            ],
            "project": "amit-terraform-project-296204",
            "resource_policies": [],
            "scheduling": [
              {
                "automatic_restart": true,
                "node_affinities": [],
                "on_host_maintenance": "MIGRATE",
                "preemptible": false
              }
            ],
            "scratch_disk": [],
            "self_link": "https://www.googleapis.com/compute/v1/projects/amit-terraform-project-296204/zones/us-central1-c/instances/apps-1",
            "service_account": [],
            "shielded_instance_config": [
              {
                "enable_integrity_monitoring": true,
                "enable_secure_boot": false,
                "enable_vtpm": true
              }
            ],
            "tags": [],
            "tags_fingerprint": "42WmSpB8rSM=",
            "timeouts": null,
            "zone": "us-central1-c"
          },
          "private": "eyJlMmJmYjczMC1lY2FhLTExZTYtOGY4OC0zNDM2M2JjN2M0YzAiOnsiY3JlYXRlIjoxMjAwMDAwMDAwMDAwLCJkZWxldGUiOjEyMDAwMDAwMDAwMDAsInVwZGF0ZSI6MTIwMDAwMDAwMDAwMH0sInNjaGVtYV92ZXJzaW9uIjoiNiJ9"
        },
        {
          "index_key": 1,
          "schema_version": 6,
          "attributes": {
            "allow_stopping_for_update": null,
            "attached_disk": [],
            "boot_disk": [
              {
                "auto_delete": true,
                "device_name": "persistent-disk-0",
                "disk_encryption_key_raw": "",
                "disk_encryption_key_sha256": "",
                "initialize_params": [
                  {
                    "image": "https://www.googleapis.com/compute/v1/projects/ubuntu-os-cloud/global/images/ubuntu-1804-bionic-v20201211a",
                    "labels": {},
                    "size": 10,
                    "type": "pd-standard"
                  }
                ],
                "kms_key_self_link": "",
                "mode": "READ_WRITE",
                "source": "https://www.googleapis.com/compute/v1/projects/amit-terraform-project-296204/zones/us-central1-c/disks/apps-2"
              }
            ],
            "can_ip_forward": false,
            "cpu_platform": "Intel Haswell",
            "current_status": "RUNNING",
            "deletion_protection": false,
            "description": "",
            "desired_status": null,
            "enable_display": false,
            "guest_accelerator": [],
            "hostname": "",
            "id": "projects/amit-terraform-project-296204/zones/us-central1-c/instances/apps-2",
            "instance_id": "6883360473324213427",
            "label_fingerprint": "42WmSpB8rSM=",
            "labels": {},
            "machine_type": "f1-micro",
            "metadata": {},
            "metadata_fingerprint": "Rku_r5sA1w4=",
            "metadata_startup_script": "",
            "min_cpu_platform": "",
            "name": "apps-2",
            "network_interface": [
              {
                "access_config": [
                  {
                    "nat_ip": "34.68.47.99",
                    "network_tier": "PREMIUM",
                    "public_ptr_domain_name": ""
                  }
                ],
                "alias_ip_range": [],
                "name": "nic0",
                "network": "https://www.googleapis.com/compute/v1/projects/amit-terraform-project-296204/global/networks/default",
                "network_ip": "10.128.0.3",
                "subnetwork": "https://www.googleapis.com/compute/v1/projects/amit-terraform-project-296204/regions/us-central1/subnetworks/default",
                "subnetwork_project": "amit-terraform-project-296204"
              }
            ],
            "project": "amit-terraform-project-296204",
            "resource_policies": [],
            "scheduling": [
              {
                "automatic_restart": true,
                "node_affinities": [],
                "on_host_maintenance": "MIGRATE",
                "preemptible": false
              }
            ],
            "scratch_disk": [],
            "self_link": "https://www.googleapis.com/compute/v1/projects/amit-terraform-project-296204/zones/us-central1-c/instances/apps-2",
            "service_account": [],
            "shielded_instance_config": [
              {
                "enable_integrity_monitoring": true,
                "enable_secure_boot": false,
                "enable_vtpm": true
              }
            ],
            "tags": [],
            "tags_fingerprint": "42WmSpB8rSM=",
            "timeouts": null,
            "zone": "us-central1-c"
          },
          "private": "eyJlMmJmYjczMC1lY2FhLTExZTYtOGY4OC0zNDM2M2JjN2M0YzAiOnsiY3JlYXRlIjoxMjAwMDAwMDAwMDAwLCJkZWxldGUiOjEyMDAwMDAwMDAwMDAsInVwZGF0ZSI6MTIwMDAwMDAwMDAwMH0sInNjaGVtYV92ZXJzaW9uIjoiNiJ9"
        }
      ]
    },
    {
      "mode": "managed",
      "type": "google_sql_database_instance",
      "name": "postgres",
      "provider": "provider[\"registry.terraform.io/hashicorp/google\"]",
      "instances": [
        {
          "schema_version": 0,
          "attributes": {
            "connection_name": "amit-terraform-project-296204:us-central1:postgres-instance-9f592823",
            "database_version": "POSTGRES_11",
            "deletion_protection": false,
            "first_ip_address": "35.193.5.140",
            "id": "postgres-instance-9f592823",
            "ip_address": [
              {
                "ip_address": "35.193.5.140",
                "time_to_retire": "",
                "type": "PRIMARY"
              }
            ],
            "master_instance_name": "",
            "name": "postgres-instance-9f592823",
            "private_ip_address": "",
            "project": "amit-terraform-project-296204",
            "public_ip_address": "35.193.5.140",
            "region": "us-central1",
            "replica_configuration": [],
            "root_password": null,
            "self_link": "https://sqladmin.googleapis.com/sql/v1beta4/projects/amit-terraform-project-296204/instances/postgres-instance-9f592823",
            "server_ca_cert": [
              {
                "cert": "-----BEGIN CERTIFICATE-----\nMIIDfzCCAmegAwIBAgIBADANBgkqhkiG9w0BAQsFADB3MS0wKwYDVQQuEyQyZGEx\nNzc2YS1mZGJiLTRjOTQtYTUzMS00Yjc0YmZiYzVlZGExIzAhBgNVBAMTGkdvb2ds\nZSBDbG91ZCBTUUwgU2VydmVyIENBMRQwEgYDVQQKEwtHb29nbGUsIEluYzELMAkG\nA1UEBhMCVVMwHhcNMjAxMjE2MTExNjUzWhcNMzAxMjE0MTExNzUzWjB3MS0wKwYD\nVQQuEyQyZGExNzc2YS1mZGJiLTRjOTQtYTUzMS00Yjc0YmZiYzVlZGExIzAhBgNV\nBAMTGkdvb2dsZSBDbG91ZCBTUUwgU2VydmVyIENBMRQwEgYDVQQKEwtHb29nbGUs\nIEluYzELMAkGA1UEBhMCVVMwggEiMA0GCSqGSIb3DQEBAQUAA4IBDwAwggEKAoIB\nAQCNecaf72stIh/bgrGikiYM4w4tOW67Git/s0Dl8AaQVL0SQWXx4YF1PEGeh9hW\nBdQDExjpPV5ZgC0ZIRoj+B5/pA5Jpuf+TwiGwQ6fpCnqHdP1iOTP1CObLQDee4wF\n0ZuaD9z1ASrsIFxNvcLNWCy2knZLOF3/LWTr3e/SDINBtjosLeNcrZifzb6s+6a9\nwpyFg7XibPUa25VM9FUdVqJgj+5fsbuy9Lqn+KcPnrhroB2ozkSL269K24uqY09W\nbmhg4tgkyzmGC3fVbmIzlRDhEP66tF53WIEj7Qf3Rgy4eRYMWHgw1L4hyRwsMCTo\ntk2Do1IkTjwh51JAo+J4O7a/AgMBAAGjFjAUMBIGA1UdEwEB/wQIMAYBAf8CAQAw\nDQYJKoZIhvcNAQELBQADggEBAFf9YJcfjQ2N7NYOQO2Vn20bj36pcteAAFZybASS\nasr8a3g1rxp3Dud00Ayp58CY55rjQT0oNPk0+FI0PgMch81gWk6OkpvxxUCyPJLk\nvmKrMJiR5hxEFFuWXDVYb7OzMnQ4kXoizqrhFk9pb9tezZVkbTrvBJPW9Jok5WxU\nobYNxeQKkEh3gTMrVHdO9i9PKntGj2Ml7Q2vA8nNOw6pcgfw8HU72QzbF4KGEc77\nA2wm9D54k7Qo9UA0GqqV25N58av9ltsmKTfSqmlVjl1bknQb0cEOKMN8FnJCnKpJ\n1eg8kljLSS1eTplKmmPEZNogRofKwNR+wsPiZdwj9ma2sgI=\n-----END CERTIFICATE-----",
                "common_name": "C=US,O=Google\\, Inc,CN=Google Cloud SQL Server CA,dnQualifier=2da1776a-fdbb-4c94-a531-4b74bfbc5eda",
                "create_time": "2020-12-16T11:16:53.040Z",
                "expiration_time": "2030-12-14T11:17:53.040Z",
                "sha1_fingerprint": "bc94ceeb9310aab9c02ccdbc4a20ac7e982d44f7"
              }
            ],
            "service_account_email_address": "p323876785340-7qkggx@gcp-sa-cloud-sql.iam.gserviceaccount.com",
            "settings": [
              {
                "activation_policy": "ALWAYS",
                "authorized_gae_applications": [],
                "availability_type": "",
                "backup_configuration": [
                  {
                    "binary_log_enabled": false,
                    "enabled": false,
                    "location": "",
                    "point_in_time_recovery_enabled": false,
                    "start_time": "03:00"
                  }
                ],
                "crash_safe_replication": false,
                "database_flags": [],
                "disk_autoresize": true,
                "disk_size": 10,
                "disk_type": "PD_SSD",
                "ip_configuration": [
                  {
                    "authorized_networks": [
                      {
                        "expiration_time": "",
                        "name": "apps-1",
                        "value": "34.121.203.81"
                      },
                      {
                        "expiration_time": "",
                        "name": "apps-2",
                        "value": "34.68.47.99"
                      }
                    ],
                    "ipv4_enabled": true,
                    "private_network": "",
                    "require_ssl": false
                  }
                ],
                "location_preference": [
                  {
                    "follow_gae_application": "",
                    "zone": "us-central1-b"
                  }
                ],
                "maintenance_window": [],
                "pricing_plan": "PER_USE",
                "replication_type": "",
                "tier": "db-f1-micro",
                "user_labels": {},
                "version": 2
              }
            ],
            "timeouts": null
          },
          "private": "eyJlMmJmYjczMC1lY2FhLTExZTYtOGY4OC0zNDM2M2JjN2M0YzAiOnsiY3JlYXRlIjoxMjAwMDAwMDAwMDAwLCJkZWxldGUiOjEyMDAwMDAwMDAwMDAsInVwZGF0ZSI6MTIwMDAwMDAwMDAwMH19",
          "dependencies": [
            "google_compute_instance.apps",
            "random_id.db_name_suffix"
          ]
        }
      ]
    },
    {
      "mode": "managed",
      "type": "random_id",
      "name": "db_name_suffix",
      "provider": "provider[\"registry.terraform.io/hashicorp/random\"]",
      "instances": [
        {
          "schema_version": 0,
          "attributes": {
            "b64_std": "n1koIw==",
            "b64_url": "n1koIw",
            "byte_length": 4,
            "dec": "2673420323",
            "hex": "9f592823",
            "id": "n1koIw",
            "keepers": null,
            "prefix": null
          },
          "private": "bnVsbA=="
        }
      ]
    }
  ]
}
